
Microsoft Visual Studio Solution File, Format Version 12.00
# Visual Studio Version 17
VisualStudioVersion = 17.4.33103.184
MinimumVisualStudioVersion = 10.0.40219.1
Project("{FAE04EC0-301F-11D3-BF4B-00C04F79EFBC}") = "HomeWork.WPF", "HomeWork.WPF\HomeWork.WPF.csproj", "{69531803-5012-45C3-B4CF-F9C36CEF6CD7}"
EndProject
Global
	GlobalSection(SolutionConfigurationPlatforms) = preSolution
		Debug|Any CPU = Debug|Any CPU
		Release|Any CPU = Release|Any CPU
	EndGlobalSection
	GlobalSection(ProjectConfigurationPlatforms) = postSolution
		{69531803-5012-45C3-B4CF-F9C36CEF6CD7}.Debug|Any CPU.ActiveCfg = Debug|Any CPU
		{69531803-5012-45C3-B4CF-F9C36CEF6CD7}.Debug|Any CPU.Build.0 = Debug|Any CPU
		{69531803-5012-45C3-B4CF-F9C36CEF6CD7}.Release|Any CPU.ActiveCfg = Release|Any CPU
		{69531803-5012-45C3-B4CF-F9C36CEF6CD7}.Release|Any CPU.Build.0 = Release|Any CPU
	EndGlobalSection
	GlobalSection(SolutionProperties) = preSolution
		HideSolutionNode = FALSE
	EndGlobalSection
	GlobalSection(ExtensibilityGlobals) = postSolution
		SolutionGuid = {79FB3AFD-E753-44C7-B8F8-6A17107D1B76}
	EndGlobalSection
EndGlobal
